
Microsoft Visual Studio Solution File, Format Version 12.00
# Visual Studio Version 17
VisualStudioVersion = 17.14.36623.8 d17.14
MinimumVisualStudioVersion = 10.0.40219.1
Project("{FAE04EC0-301F-11D3-BF4B-00C04F79EFBC}") = "QLSV", "QLSV\QLSV.csproj", "{452C2235-ACFE-44C3-9A97-BBE8BF09485F}"
EndProject
Global
	GlobalSection(SolutionConfigurationPlatforms) = preSolution
		Debug|Any CPU = Debug|Any CPU
		Release|Any CPU = Release|Any CPU
	EndGlobalSection
	GlobalSection(ProjectConfigurationPlatforms) = postSolution
		{452C2235-ACFE-44C3-9A97-BBE8BF09485F}.Debug|Any CPU.ActiveCfg = Debug|Any CPU
		{452C2235-ACFE-44C3-9A97-BBE8BF09485F}.Debug|Any CPU.Build.0 = Debug|Any CPU
		{452C2235-ACFE-44C3-9A97-BBE8BF09485F}.Release|Any CPU.ActiveCfg = Release|Any CPU
		{452C2235-ACFE-44C3-9A97-BBE8BF09485F}.Release|Any CPU.Build.0 = Release|Any CPU
	EndGlobalSection
	GlobalSection(SolutionProperties) = preSolution
		HideSolutionNode = FALSE
	EndGlobalSection
	GlobalSection(ExtensibilityGlobals) = postSolution
		SolutionGuid = {F2682D4D-A315-4E17-A7C1-FA4B6697DFDB}
	EndGlobalSection
EndGlobal
